// !$*UTF8*$!
{
	archiveVersion = 1;
	classes = {
	};
	objectVersion = 48;
	objects = {

/* Begin PBXBuildFile section */
		528206F7EE679475A191E2F8 /* Pods_CyclePathTests.framework in Frameworks */ = {isa = PBXBuildFile; fileRef = D4F7D8E254EB0054C9468319 /* Pods_CyclePathTests.framework */; };
		71CEC73886033308A30FAE31 /* Pods_CyclePath.framework in Frameworks */ = {isa = PBXBuildFile; fileRef = 217D2D42F3FB925F5EF8E19A /* Pods_CyclePath.framework */; };
		8A1D6EB71F7A5FBD00ECAD59 /* GoogleService-Info.plist in Resources */ = {isa = PBXBuildFile; fileRef = 8A1D6EB61F7A5FBD00ECAD59 /* GoogleService-Info.plist */; };
		8A1D6EC01F7A77F300ECAD59 /* LoginAction.swift in Sources */ = {isa = PBXBuildFile; fileRef = 8A1D6EBF1F7A77F300ECAD59 /* LoginAction.swift */; };
		8A1D6EC21F7A781700ECAD59 /* RegisterAction.swift in Sources */ = {isa = PBXBuildFile; fileRef = 8A1D6EC11F7A781700ECAD59 /* RegisterAction.swift */; };
		8A1D6EC51F7A784800ECAD59 /* SecurityService.swift in Sources */ = {isa = PBXBuildFile; fileRef = 8A1D6EC41F7A784800ECAD59 /* SecurityService.swift */; };
		8A1D6EC71F7A83A700ECAD59 /* GradientView.swift in Sources */ = {isa = PBXBuildFile; fileRef = 8A1D6EC61F7A83A700ECAD59 /* GradientView.swift */; };
		8A1D6ECA1F7A913C00ECAD59 /* ProfileImage.swift in Sources */ = {isa = PBXBuildFile; fileRef = 8A1D6EC91F7A913C00ECAD59 /* ProfileImage.swift */; };
		8A1D6ECE1F7A927000ECAD59 /* CardButton.swift in Sources */ = {isa = PBXBuildFile; fileRef = 8A1D6ECD1F7A927000ECAD59 /* CardButton.swift */; };
		8A1D6EF21F7ABD8B00ECAD59 /* Model.xcdatamodeld in Sources */ = {isa = PBXBuildFile; fileRef = 8A1D6EF01F7ABD8B00ECAD59 /* Model.xcdatamodeld */; };
		8A2D2FE51F7BF07B0098B5CA /* PathView.swift in Sources */ = {isa = PBXBuildFile; fileRef = 8A2D2FE41F7BF07B0098B5CA /* PathView.swift */; };
		8A2D2FE71F7BFCB10098B5CA /* HomeInteractor.swift in Sources */ = {isa = PBXBuildFile; fileRef = 8A2D2FE61F7BFCB10098B5CA /* HomeInteractor.swift */; };
		8A39E14A1F80E3E800A583E6 /* LoginRouter.swift in Sources */ = {isa = PBXBuildFile; fileRef = 8A39E1491F80E3E800A583E6 /* LoginRouter.swift */; };
		8A39E14F1F80E9F700A583E6 /* HomeManager.swift in Sources */ = {isa = PBXBuildFile; fileRef = 8A39E14E1F80E9F700A583E6 /* HomeManager.swift */; };
		8A39E1511F80EA1800A583E6 /* HomeManagerProtocol.swift in Sources */ = {isa = PBXBuildFile; fileRef = 8A39E1501F80EA1800A583E6 /* HomeManagerProtocol.swift */; };
		8A39E1541F80EF0800A583E6 /* ForgotPasswordAction.swift in Sources */ = {isa = PBXBuildFile; fileRef = 8A39E1531F80EF0800A583E6 /* ForgotPasswordAction.swift */; };
		8A39E1571F80F34C00A583E6 /* PathsActionProtocol.swift in Sources */ = {isa = PBXBuildFile; fileRef = 8A39E1561F80F34C00A583E6 /* PathsActionProtocol.swift */; };
		8A39E15A1F80F43500A583E6 /* ProfileActionProtocols.swift in Sources */ = {isa = PBXBuildFile; fileRef = 8A39E1591F80F43500A583E6 /* ProfileActionProtocols.swift */; };
		8A7C056F1F7A2A6D00992F06 /* AppDelegate.swift in Sources */ = {isa = PBXBuildFile; fileRef = 8A7C056E1F7A2A6D00992F06 /* AppDelegate.swift */; };
		8A7C05711F7A2A6D00992F06 /* ViewController.swift in Sources */ = {isa = PBXBuildFile; fileRef = 8A7C05701F7A2A6D00992F06 /* ViewController.swift */; };
		8A7C05741F7A2A6D00992F06 /* Main.storyboard in Resources */ = {isa = PBXBuildFile; fileRef = 8A7C05721F7A2A6D00992F06 /* Main.storyboard */; };
		8A7C05761F7A2A6D00992F06 /* Assets.xcassets in Resources */ = {isa = PBXBuildFile; fileRef = 8A7C05751F7A2A6D00992F06 /* Assets.xcassets */; };
		8A7C05791F7A2A6D00992F06 /* LaunchScreen.storyboard in Resources */ = {isa = PBXBuildFile; fileRef = 8A7C05771F7A2A6D00992F06 /* LaunchScreen.storyboard */; };
		8A7C05841F7A2A6D00992F06 /* CyclePathTests.swift in Sources */ = {isa = PBXBuildFile; fileRef = 8A7C05831F7A2A6D00992F06 /* CyclePathTests.swift */; };
		8A7C058F1F7A2A6D00992F06 /* CyclePathUITests.swift in Sources */ = {isa = PBXBuildFile; fileRef = 8A7C058E1F7A2A6D00992F06 /* CyclePathUITests.swift */; };
		8A7C059E1F7A2D6D00992F06 /* HomeAction.swift in Sources */ = {isa = PBXBuildFile; fileRef = 8A7C059D1F7A2D6D00992F06 /* HomeAction.swift */; };
		8A961A181F7CD63C000E7BB7 /* HomeWorker.swift in Sources */ = {isa = PBXBuildFile; fileRef = 8A961A171F7CD63C000E7BB7 /* HomeWorker.swift */; };
		8A961A1A1F7CD6B6000E7BB7 /* HomeStruct.swift in Sources */ = {isa = PBXBuildFile; fileRef = 8A961A191F7CD6B6000E7BB7 /* HomeStruct.swift */; };
		8A961A231F7D4295000E7BB7 /* HomeConverter.swift in Sources */ = {isa = PBXBuildFile; fileRef = 8A961A221F7D4295000E7BB7 /* HomeConverter.swift */; };
		8A9FF4F71F82A72C00EBA211 /* HomeLocationStruct.swift in Sources */ = {isa = PBXBuildFile; fileRef = 8A9FF4F61F82A72C00EBA211 /* HomeLocationStruct.swift */; };
		8AA69D4F1F822A8200939FD9 /* PathsManager.swift in Sources */ = {isa = PBXBuildFile; fileRef = 8AA69D4E1F822A8200939FD9 /* PathsManager.swift */; };
		8AA69D511F822FDD00939FD9 /* PathsInteractor.swift in Sources */ = {isa = PBXBuildFile; fileRef = 8AA69D501F822FDD00939FD9 /* PathsInteractor.swift */; };
		8AA69D531F82309700939FD9 /* PathsInteractorProtocol.swift in Sources */ = {isa = PBXBuildFile; fileRef = 8AA69D521F82309700939FD9 /* PathsInteractorProtocol.swift */; };
		8AA69D551F8232FE00939FD9 /* PathsCell.swift in Sources */ = {isa = PBXBuildFile; fileRef = 8AA69D541F8232FE00939FD9 /* PathsCell.swift */; };
		8AB0754F1F7E2F120096F022 /* RegisterWorker.swift in Sources */ = {isa = PBXBuildFile; fileRef = 8AB0754E1F7E2F120096F022 /* RegisterWorker.swift */; };
		8AB075511F7E328C0096F022 /* LoginWorker.swift in Sources */ = {isa = PBXBuildFile; fileRef = 8AB075501F7E328C0096F022 /* LoginWorker.swift */; };
		8AB075541F7E6BF70096F022 /* ProfileAction.swift in Sources */ = {isa = PBXBuildFile; fileRef = 8AB075531F7E6BF70096F022 /* ProfileAction.swift */; };
		8AB075571F7E6CB30096F022 /* PathsAction.swift in Sources */ = {isa = PBXBuildFile; fileRef = 8AB075561F7E6CB30096F022 /* PathsAction.swift */; };
		8AB3F70A1F7A3D0F00E62756 /* DataService.swift in Sources */ = {isa = PBXBuildFile; fileRef = 8AB3F7091F7A3D0F00E62756 /* DataService.swift */; };
		8ABD98631F823B6B00A64099 /* Paths.swift in Sources */ = {isa = PBXBuildFile; fileRef = 8ABD98621F823B6B00A64099 /* Paths.swift */; };
		8ABD98671F8262A600A64099 /* PathsDetailsAction.swift in Sources */ = {isa = PBXBuildFile; fileRef = 8ABD98661F8262A600A64099 /* PathsDetailsAction.swift */; };
		8ABD986A1F82631000A64099 /* PathDetailsProtocol.swift in Sources */ = {isa = PBXBuildFile; fileRef = 8ABD98691F82631000A64099 /* PathDetailsProtocol.swift */; };
		8ABD986D1F82651C00A64099 /* LoginProtocol.swift in Sources */ = {isa = PBXBuildFile; fileRef = 8ABD986C1F82651C00A64099 /* LoginProtocol.swift */; };
		8AC8681E1F8365A100CD8D69 /* HomePathStruct.swift in Sources */ = {isa = PBXBuildFile; fileRef = 8AC8681D1F8365A100CD8D69 /* HomePathStruct.swift */; };
		8AC868201F8366B800CD8D69 /* LoginRouterProtocol.swift in Sources */ = {isa = PBXBuildFile; fileRef = 8AC8681F1F8366B800CD8D69 /* LoginRouterProtocol.swift */; };
		8AC9B5F91F7BAF2100FD8677 /* MapKit.framework in Frameworks */ = {isa = PBXBuildFile; fileRef = 8AC9B5F81F7BAF2100FD8677 /* MapKit.framework */; };
		8AFB12321F81269B009C2A41 /* HomeInteractorProtocol.swift in Sources */ = {isa = PBXBuildFile; fileRef = 8AFB12311F81269B009C2A41 /* HomeInteractorProtocol.swift */; };
		8AFB12341F8127F4009C2A41 /* HomeActionProtocol.swift in Sources */ = {isa = PBXBuildFile; fileRef = 8AFB12331F8127F4009C2A41 /* HomeActionProtocol.swift */; };
		EECFBCDAAB5F0ECC39216635 /* Pods_CyclePathUITests.framework in Frameworks */ = {isa = PBXBuildFile; fileRef = 20BF4961791B69083B9A6519 /* Pods_CyclePathUITests.framework */; };
/* End PBXBuildFile section */

/* Begin PBXContainerItemProxy section */
		8A7C05801F7A2A6D00992F06 /* PBXContainerItemProxy */ = {
			isa = PBXContainerItemProxy;
			containerPortal = 8A7C05631F7A2A6D00992F06 /* Project object */;
			proxyType = 1;
			remoteGlobalIDString = 8A7C056A1F7A2A6D00992F06;
			remoteInfo = CyclePath;
		};
		8A7C058B1F7A2A6D00992F06 /* PBXContainerItemProxy */ = {
			isa = PBXContainerItemProxy;
			containerPortal = 8A7C05631F7A2A6D00992F06 /* Project object */;
			proxyType = 1;
			remoteGlobalIDString = 8A7C056A1F7A2A6D00992F06;
			remoteInfo = CyclePath;
		};
/* End PBXContainerItemProxy section */

/* Begin PBXFileReference section */
		20BF4961791B69083B9A6519 /* Pods_CyclePathUITests.framework */ = {isa = PBXFileReference; explicitFileType = wrapper.framework; includeInIndex = 0; path = Pods_CyclePathUITests.framework; sourceTree = BUILT_PRODUCTS_DIR; };
		217D2D42F3FB925F5EF8E19A /* Pods_CyclePath.framework */ = {isa = PBXFileReference; explicitFileType = wrapper.framework; includeInIndex = 0; path = Pods_CyclePath.framework; sourceTree = BUILT_PRODUCTS_DIR; };
		5F71A6A055667B1509A268E4 /* Pods-CyclePath.release.xcconfig */ = {isa = PBXFileReference; includeInIndex = 1; lastKnownFileType = text.xcconfig; name = "Pods-CyclePath.release.xcconfig"; path = "Pods/Target Support Files/Pods-CyclePath/Pods-CyclePath.release.xcconfig"; sourceTree = "<group>"; };
		72FB608F2BD943390968EE56 /* Pods-CyclePathUITests.release.xcconfig */ = {isa = PBXFileReference; includeInIndex = 1; lastKnownFileType = text.xcconfig; name = "Pods-CyclePathUITests.release.xcconfig"; path = "Pods/Target Support Files/Pods-CyclePathUITests/Pods-CyclePathUITests.release.xcconfig"; sourceTree = "<group>"; };
		8A1D6EB61F7A5FBD00ECAD59 /* GoogleService-Info.plist */ = {isa = PBXFileReference; fileEncoding = 4; lastKnownFileType = text.plist.xml; path = "GoogleService-Info.plist"; sourceTree = "<group>"; };
		8A1D6EBF1F7A77F300ECAD59 /* LoginAction.swift */ = {isa = PBXFileReference; lastKnownFileType = sourcecode.swift; path = LoginAction.swift; sourceTree = "<group>"; };
		8A1D6EC11F7A781700ECAD59 /* RegisterAction.swift */ = {isa = PBXFileReference; lastKnownFileType = sourcecode.swift; path = RegisterAction.swift; sourceTree = "<group>"; };
		8A1D6EC41F7A784800ECAD59 /* SecurityService.swift */ = {isa = PBXFileReference; lastKnownFileType = sourcecode.swift; path = SecurityService.swift; sourceTree = "<group>"; };
		8A1D6EC61F7A83A700ECAD59 /* GradientView.swift */ = {isa = PBXFileReference; lastKnownFileType = sourcecode.swift; path = GradientView.swift; sourceTree = "<group>"; };
		8A1D6EC91F7A913C00ECAD59 /* ProfileImage.swift */ = {isa = PBXFileReference; lastKnownFileType = sourcecode.swift; path = ProfileImage.swift; sourceTree = "<group>"; };
		8A1D6ECD1F7A927000ECAD59 /* CardButton.swift */ = {isa = PBXFileReference; lastKnownFileType = sourcecode.swift; path = CardButton.swift; sourceTree = "<group>"; };
		8A1D6EF11F7ABD8B00ECAD59 /* Model.xcdatamodel */ = {isa = PBXFileReference; lastKnownFileType = wrapper.xcdatamodel; path = Model.xcdatamodel; sourceTree = "<group>"; };
		8A2D2FE41F7BF07B0098B5CA /* PathView.swift */ = {isa = PBXFileReference; lastKnownFileType = sourcecode.swift; path = PathView.swift; sourceTree = "<group>"; };
		8A2D2FE61F7BFCB10098B5CA /* HomeInteractor.swift */ = {isa = PBXFileReference; lastKnownFileType = sourcecode.swift; path = HomeInteractor.swift; sourceTree = "<group>"; };
		8A39E1491F80E3E800A583E6 /* LoginRouter.swift */ = {isa = PBXFileReference; lastKnownFileType = sourcecode.swift; path = LoginRouter.swift; sourceTree = "<group>"; };
		8A39E14E1F80E9F700A583E6 /* HomeManager.swift */ = {isa = PBXFileReference; lastKnownFileType = sourcecode.swift; path = HomeManager.swift; sourceTree = "<group>"; };
		8A39E1501F80EA1800A583E6 /* HomeManagerProtocol.swift */ = {isa = PBXFileReference; lastKnownFileType = sourcecode.swift; path = HomeManagerProtocol.swift; sourceTree = "<group>"; };
		8A39E1531F80EF0800A583E6 /* ForgotPasswordAction.swift */ = {isa = PBXFileReference; lastKnownFileType = sourcecode.swift; path = ForgotPasswordAction.swift; sourceTree = "<group>"; };
		8A39E1561F80F34C00A583E6 /* PathsActionProtocol.swift */ = {isa = PBXFileReference; lastKnownFileType = sourcecode.swift; path = PathsActionProtocol.swift; sourceTree = "<group>"; };
		8A39E1591F80F43500A583E6 /* ProfileActionProtocols.swift */ = {isa = PBXFileReference; lastKnownFileType = sourcecode.swift; path = ProfileActionProtocols.swift; sourceTree = "<group>"; };
		8A7C056B1F7A2A6D00992F06 /* CyclePath.app */ = {isa = PBXFileReference; explicitFileType = wrapper.application; includeInIndex = 0; path = CyclePath.app; sourceTree = BUILT_PRODUCTS_DIR; };
		8A7C056E1F7A2A6D00992F06 /* AppDelegate.swift */ = {isa = PBXFileReference; lastKnownFileType = sourcecode.swift; path = AppDelegate.swift; sourceTree = "<group>"; };
		8A7C05701F7A2A6D00992F06 /* ViewController.swift */ = {isa = PBXFileReference; lastKnownFileType = sourcecode.swift; path = ViewController.swift; sourceTree = "<group>"; };
		8A7C05731F7A2A6D00992F06 /* Base */ = {isa = PBXFileReference; lastKnownFileType = file.storyboard; name = Base; path = Base.lproj/Main.storyboard; sourceTree = "<group>"; };
		8A7C05751F7A2A6D00992F06 /* Assets.xcassets */ = {isa = PBXFileReference; lastKnownFileType = folder.assetcatalog; path = Assets.xcassets; sourceTree = "<group>"; };
		8A7C05781F7A2A6D00992F06 /* Base */ = {isa = PBXFileReference; lastKnownFileType = file.storyboard; name = Base; path = Base.lproj/LaunchScreen.storyboard; sourceTree = "<group>"; };
		8A7C057A1F7A2A6D00992F06 /* Info.plist */ = {isa = PBXFileReference; lastKnownFileType = text.plist.xml; path = Info.plist; sourceTree = "<group>"; };
		8A7C057F1F7A2A6D00992F06 /* CyclePathTests.xctest */ = {isa = PBXFileReference; explicitFileType = wrapper.cfbundle; includeInIndex = 0; path = CyclePathTests.xctest; sourceTree = BUILT_PRODUCTS_DIR; };
		8A7C05831F7A2A6D00992F06 /* CyclePathTests.swift */ = {isa = PBXFileReference; lastKnownFileType = sourcecode.swift; path = CyclePathTests.swift; sourceTree = "<group>"; };
		8A7C05851F7A2A6D00992F06 /* Info.plist */ = {isa = PBXFileReference; lastKnownFileType = text.plist.xml; path = Info.plist; sourceTree = "<group>"; };
		8A7C058A1F7A2A6D00992F06 /* CyclePathUITests.xctest */ = {isa = PBXFileReference; explicitFileType = wrapper.cfbundle; includeInIndex = 0; path = CyclePathUITests.xctest; sourceTree = BUILT_PRODUCTS_DIR; };
		8A7C058E1F7A2A6D00992F06 /* CyclePathUITests.swift */ = {isa = PBXFileReference; lastKnownFileType = sourcecode.swift; path = CyclePathUITests.swift; sourceTree = "<group>"; };
		8A7C05901F7A2A6D00992F06 /* Info.plist */ = {isa = PBXFileReference; lastKnownFileType = text.plist.xml; path = Info.plist; sourceTree = "<group>"; };
		8A7C059D1F7A2D6D00992F06 /* HomeAction.swift */ = {isa = PBXFileReference; lastKnownFileType = sourcecode.swift; path = HomeAction.swift; sourceTree = "<group>"; };
		8A961A171F7CD63C000E7BB7 /* HomeWorker.swift */ = {isa = PBXFileReference; lastKnownFileType = sourcecode.swift; path = HomeWorker.swift; sourceTree = "<group>"; };
		8A961A191F7CD6B6000E7BB7 /* HomeStruct.swift */ = {isa = PBXFileReference; lastKnownFileType = sourcecode.swift; path = HomeStruct.swift; sourceTree = "<group>"; };
		8A961A221F7D4295000E7BB7 /* HomeConverter.swift */ = {isa = PBXFileReference; lastKnownFileType = sourcecode.swift; path = HomeConverter.swift; sourceTree = "<group>"; };
		8A9FF4F61F82A72C00EBA211 /* HomeLocationStruct.swift */ = {isa = PBXFileReference; lastKnownFileType = sourcecode.swift; path = HomeLocationStruct.swift; sourceTree = "<group>"; };
		8AA69D4E1F822A8200939FD9 /* PathsManager.swift */ = {isa = PBXFileReference; lastKnownFileType = sourcecode.swift; path = PathsManager.swift; sourceTree = "<group>"; };
		8AA69D501F822FDD00939FD9 /* PathsInteractor.swift */ = {isa = PBXFileReference; lastKnownFileType = sourcecode.swift; path = PathsInteractor.swift; sourceTree = "<group>"; };
		8AA69D521F82309700939FD9 /* PathsInteractorProtocol.swift */ = {isa = PBXFileReference; lastKnownFileType = sourcecode.swift; path = PathsInteractorProtocol.swift; sourceTree = "<group>"; };
		8AA69D541F8232FE00939FD9 /* PathsCell.swift */ = {isa = PBXFileReference; lastKnownFileType = sourcecode.swift; path = PathsCell.swift; sourceTree = "<group>"; };
		8AB0754E1F7E2F120096F022 /* RegisterWorker.swift */ = {isa = PBXFileReference; lastKnownFileType = sourcecode.swift; path = RegisterWorker.swift; sourceTree = "<group>"; };
		8AB075501F7E328C0096F022 /* LoginWorker.swift */ = {isa = PBXFileReference; lastKnownFileType = sourcecode.swift; path = LoginWorker.swift; sourceTree = "<group>"; };
		8AB075531F7E6BF70096F022 /* ProfileAction.swift */ = {isa = PBXFileReference; lastKnownFileType = sourcecode.swift; path = ProfileAction.swift; sourceTree = "<group>"; };
		8AB075561F7E6CB30096F022 /* PathsAction.swift */ = {isa = PBXFileReference; lastKnownFileType = sourcecode.swift; path = PathsAction.swift; sourceTree = "<group>"; };
		8AB3F7091F7A3D0F00E62756 /* DataService.swift */ = {isa = PBXFileReference; lastKnownFileType = sourcecode.swift; path = DataService.swift; sourceTree = "<group>"; };
		8ABD98621F823B6B00A64099 /* Paths.swift */ = {isa = PBXFileReference; lastKnownFileType = sourcecode.swift; path = Paths.swift; sourceTree = "<group>"; };
		8ABD98661F8262A600A64099 /* PathsDetailsAction.swift */ = {isa = PBXFileReference; lastKnownFileType = sourcecode.swift; path = PathsDetailsAction.swift; sourceTree = "<group>"; };
		8ABD98691F82631000A64099 /* PathDetailsProtocol.swift */ = {isa = PBXFileReference; lastKnownFileType = sourcecode.swift; path = PathDetailsProtocol.swift; sourceTree = "<group>"; };
		8ABD986C1F82651C00A64099 /* LoginProtocol.swift */ = {isa = PBXFileReference; lastKnownFileType = sourcecode.swift; path = LoginProtocol.swift; sourceTree = "<group>"; };
		8AC8681D1F8365A100CD8D69 /* HomePathStruct.swift */ = {isa = PBXFileReference; lastKnownFileType = sourcecode.swift; path = HomePathStruct.swift; sourceTree = "<group>"; };
		8AC8681F1F8366B800CD8D69 /* LoginRouterProtocol.swift */ = {isa = PBXFileReference; lastKnownFileType = sourcecode.swift; path = LoginRouterProtocol.swift; sourceTree = "<group>"; };
		8AC9B5F81F7BAF2100FD8677 /* MapKit.framework */ = {isa = PBXFileReference; lastKnownFileType = wrapper.framework; name = MapKit.framework; path = System/Library/Frameworks/MapKit.framework; sourceTree = SDKROOT; };
		8AFB12311F81269B009C2A41 /* HomeInteractorProtocol.swift */ = {isa = PBXFileReference; lastKnownFileType = sourcecode.swift; path = HomeInteractorProtocol.swift; sourceTree = "<group>"; };
		8AFB12331F8127F4009C2A41 /* HomeActionProtocol.swift */ = {isa = PBXFileReference; lastKnownFileType = sourcecode.swift; path = HomeActionProtocol.swift; sourceTree = "<group>"; };
		B73EF7D44E1103D77E3FA532 /* Pods-CyclePathTests.debug.xcconfig */ = {isa = PBXFileReference; includeInIndex = 1; lastKnownFileType = text.xcconfig; name = "Pods-CyclePathTests.debug.xcconfig"; path = "Pods/Target Support Files/Pods-CyclePathTests/Pods-CyclePathTests.debug.xcconfig"; sourceTree = "<group>"; };
		C069036414CAE0ED2C1EF357 /* Pods-CyclePathTests.release.xcconfig */ = {isa = PBXFileReference; includeInIndex = 1; lastKnownFileType = text.xcconfig; name = "Pods-CyclePathTests.release.xcconfig"; path = "Pods/Target Support Files/Pods-CyclePathTests/Pods-CyclePathTests.release.xcconfig"; sourceTree = "<group>"; };
		CED158E067C329E61066FA93 /* Pods-CyclePath.debug.xcconfig */ = {isa = PBXFileReference; includeInIndex = 1; lastKnownFileType = text.xcconfig; name = "Pods-CyclePath.debug.xcconfig"; path = "Pods/Target Support Files/Pods-CyclePath/Pods-CyclePath.debug.xcconfig"; sourceTree = "<group>"; };
		D4F7D8E254EB0054C9468319 /* Pods_CyclePathTests.framework */ = {isa = PBXFileReference; explicitFileType = wrapper.framework; includeInIndex = 0; path = Pods_CyclePathTests.framework; sourceTree = BUILT_PRODUCTS_DIR; };
		F8799F6A64A77DFB10DB8682 /* Pods-CyclePathUITests.debug.xcconfig */ = {isa = PBXFileReference; includeInIndex = 1; lastKnownFileType = text.xcconfig; name = "Pods-CyclePathUITests.debug.xcconfig"; path = "Pods/Target Support Files/Pods-CyclePathUITests/Pods-CyclePathUITests.debug.xcconfig"; sourceTree = "<group>"; };
/* End PBXFileReference section */

/* Begin PBXFrameworksBuildPhase section */
		8A7C05681F7A2A6D00992F06 /* Frameworks */ = {
			isa = PBXFrameworksBuildPhase;
			buildActionMask = 2147483647;
			files = (
				8AC9B5F91F7BAF2100FD8677 /* MapKit.framework in Frameworks */,
				71CEC73886033308A30FAE31 /* Pods_CyclePath.framework in Frameworks */,
			);
			runOnlyForDeploymentPostprocessing = 0;
		};
		8A7C057C1F7A2A6D00992F06 /* Frameworks */ = {
			isa = PBXFrameworksBuildPhase;
			buildActionMask = 2147483647;
			files = (
				528206F7EE679475A191E2F8 /* Pods_CyclePathTests.framework in Frameworks */,
			);
			runOnlyForDeploymentPostprocessing = 0;
		};
		8A7C05871F7A2A6D00992F06 /* Frameworks */ = {
			isa = PBXFrameworksBuildPhase;
			buildActionMask = 2147483647;
			files = (
				EECFBCDAAB5F0ECC39216635 /* Pods_CyclePathUITests.framework in Frameworks */,
			);
			runOnlyForDeploymentPostprocessing = 0;
		};
/* End PBXFrameworksBuildPhase section */

/* Begin PBXGroup section */
		8A1D6EBD1F7A77CE00ECAD59 /* Login */ = {
			isa = PBXGroup;
			children = (
				8ABD986B1F82650F00A64099 /* Protocols */,
				8A1D6EBF1F7A77F300ECAD59 /* LoginAction.swift */,
				8AB075501F7E328C0096F022 /* LoginWorker.swift */,
				8A39E1491F80E3E800A583E6 /* LoginRouter.swift */,
			);
			path = Login;
			sourceTree = "<group>";
		};
		8A1D6EBE1F7A77D300ECAD59 /* Register */ = {
			isa = PBXGroup;
			children = (
				8A1D6EC11F7A781700ECAD59 /* RegisterAction.swift */,
				8AB0754E1F7E2F120096F022 /* RegisterWorker.swift */,
			);
			path = Register;
			sourceTree = "<group>";
		};
		8A1D6EC31F7A783900ECAD59 /* Security */ = {
			isa = PBXGroup;
			children = (
				8A1D6EC41F7A784800ECAD59 /* SecurityService.swift */,
			);
			path = Security;
			sourceTree = "<group>";
		};
		8A1D6EC81F7A912400ECAD59 /* Views */ = {
			isa = PBXGroup;
			children = (
				8A1D6EC91F7A913C00ECAD59 /* ProfileImage.swift */,
				8A1D6ECD1F7A927000ECAD59 /* CardButton.swift */,
			);
			path = Views;
			sourceTree = "<group>";
		};
		8A39E14B1F80E80E00A583E6 /* Protocols */ = {
			isa = PBXGroup;
			children = (
				8A39E1501F80EA1800A583E6 /* HomeManagerProtocol.swift */,
				8AFB12311F81269B009C2A41 /* HomeInteractorProtocol.swift */,
				8AFB12331F8127F4009C2A41 /* HomeActionProtocol.swift */,
			);
			path = Protocols;
			sourceTree = "<group>";
		};
		8A39E1521F80EEF600A583E6 /* ForgotPassword */ = {
			isa = PBXGroup;
			children = (
				8A39E1531F80EF0800A583E6 /* ForgotPasswordAction.swift */,
			);
			path = ForgotPassword;
			sourceTree = "<group>";
		};
		8A39E1551F80F32B00A583E6 /* Protocols */ = {
			isa = PBXGroup;
			children = (
				8A39E1561F80F34C00A583E6 /* PathsActionProtocol.swift */,
				8AA69D521F82309700939FD9 /* PathsInteractorProtocol.swift */,
			);
			path = Protocols;
			sourceTree = "<group>";
		};
		8A39E1581F80F42100A583E6 /* Protocols */ = {
			isa = PBXGroup;
			children = (
				8A39E1591F80F43500A583E6 /* ProfileActionProtocols.swift */,
			);
			path = Protocols;
			sourceTree = "<group>";
		};
		8A7C05621F7A2A6D00992F06 = {
			isa = PBXGroup;
			children = (
				8A1D6EF01F7ABD8B00ECAD59 /* Model.xcdatamodeld */,
				8A7C056D1F7A2A6D00992F06 /* CyclePath */,
				8A7C05821F7A2A6D00992F06 /* CyclePathTests */,
				8A7C058D1F7A2A6D00992F06 /* CyclePathUITests */,
				8A7C056C1F7A2A6D00992F06 /* Products */,
				FB5F6B3A824B7E27ED73C0AD /* Pods */,
				CB95A95F5D5A131042C87843 /* Frameworks */,
			);
			sourceTree = "<group>";
		};
		8A7C056C1F7A2A6D00992F06 /* Products */ = {
			isa = PBXGroup;
			children = (
				8A7C056B1F7A2A6D00992F06 /* CyclePath.app */,
				8A7C057F1F7A2A6D00992F06 /* CyclePathTests.xctest */,
				8A7C058A1F7A2A6D00992F06 /* CyclePathUITests.xctest */,
			);
			name = Products;
			sourceTree = "<group>";
		};
		8A7C056D1F7A2A6D00992F06 /* CyclePath */ = {
			isa = PBXGroup;
			children = (
				8ABD98651F82628F00A64099 /* PathsDetails */,
				8AFB12301F81246D009C2A41 /* Extensions */,
				8A39E1521F80EEF600A583E6 /* ForgotPassword */,
				8AB075551F7E6CA40096F022 /* Paths */,
				8AB075521F7E6BE50096F022 /* Profile */,
				8A1D6EC81F7A912400ECAD59 /* Views */,
				8A1D6EC31F7A783900ECAD59 /* Security */,
				8A1D6EBE1F7A77D300ECAD59 /* Register */,
				8A1D6EBD1F7A77CE00ECAD59 /* Login */,
				8A1D6EB61F7A5FBD00ECAD59 /* GoogleService-Info.plist */,
				8AB3F7081F7A3D0000E62756 /* Services */,
				8A7C059C1F7A2D5E00992F06 /* Home */,
				8A7C056E1F7A2A6D00992F06 /* AppDelegate.swift */,
				8A7C05701F7A2A6D00992F06 /* ViewController.swift */,
				8A7C05721F7A2A6D00992F06 /* Main.storyboard */,
				8A7C05751F7A2A6D00992F06 /* Assets.xcassets */,
				8A7C05771F7A2A6D00992F06 /* LaunchScreen.storyboard */,
				8A7C057A1F7A2A6D00992F06 /* Info.plist */,
			);
			path = CyclePath;
			sourceTree = "<group>";
		};
		8A7C05821F7A2A6D00992F06 /* CyclePathTests */ = {
			isa = PBXGroup;
			children = (
				8A7C05831F7A2A6D00992F06 /* CyclePathTests.swift */,
				8A7C05851F7A2A6D00992F06 /* Info.plist */,
			);
			path = CyclePathTests;
			sourceTree = "<group>";
		};
		8A7C058D1F7A2A6D00992F06 /* CyclePathUITests */ = {
			isa = PBXGroup;
			children = (
				8A7C058E1F7A2A6D00992F06 /* CyclePathUITests.swift */,
				8A7C05901F7A2A6D00992F06 /* Info.plist */,
			);
			path = CyclePathUITests;
			sourceTree = "<group>";
		};
		8A7C059C1F7A2D5E00992F06 /* Home */ = {
			isa = PBXGroup;
			children = (
				8A9FF4F81F82A7BA00EBA211 /* Struct */,
				8A9FF4F51F828C5000EBA211 /* View */,
				8A39E14B1F80E80E00A583E6 /* Protocols */,
				8A7C059D1F7A2D6D00992F06 /* HomeAction.swift */,
				8A2D2FE61F7BFCB10098B5CA /* HomeInteractor.swift */,
				8A961A171F7CD63C000E7BB7 /* HomeWorker.swift */,
				8A961A191F7CD6B6000E7BB7 /* HomeStruct.swift */,
				8A961A221F7D4295000E7BB7 /* HomeConverter.swift */,
				8A39E14E1F80E9F700A583E6 /* HomeManager.swift */,
			);
			path = Home;
			sourceTree = "<group>";
		};
		8A9FF4F51F828C5000EBA211 /* View */ = {
			isa = PBXGroup;
			children = (
				8A1D6EC61F7A83A700ECAD59 /* GradientView.swift */,
				8A2D2FE41F7BF07B0098B5CA /* PathView.swift */,
			);
			path = View;
			sourceTree = "<group>";
		};
		8A9FF4F81F82A7BA00EBA211 /* Struct */ = {
			isa = PBXGroup;
			children = (
				8A9FF4F61F82A72C00EBA211 /* HomeLocationStruct.swift */,
				8AC8681D1F8365A100CD8D69 /* HomePathStruct.swift */,
			);
			path = Struct;
			sourceTree = "<group>";
		};
		8AB075521F7E6BE50096F022 /* Profile */ = {
			isa = PBXGroup;
			children = (
				8A39E1581F80F42100A583E6 /* Protocols */,
				8AB075531F7E6BF70096F022 /* ProfileAction.swift */,
			);
			path = Profile;
			sourceTree = "<group>";
		};
		8AB075551F7E6CA40096F022 /* Paths */ = {
			isa = PBXGroup;
			children = (
				8AC868211F83728D00CD8D69 /* Struct */,
				8ABD98641F8241B500A64099 /* Cells */,
				8ABD98611F823B6300A64099 /* Model */,
				8A39E1551F80F32B00A583E6 /* Protocols */,
				8AB075561F7E6CB30096F022 /* PathsAction.swift */,
				8AA69D501F822FDD00939FD9 /* PathsInteractor.swift */,
				8AA69D4E1F822A8200939FD9 /* PathsManager.swift */,
			);
			path = Paths;
			sourceTree = "<group>";
		};
		8AB3F7081F7A3D0000E62756 /* Services */ = {
			isa = PBXGroup;
			children = (
				8AB3F7091F7A3D0F00E62756 /* DataService.swift */,
			);
			path = Services;
			sourceTree = "<group>";
		};
		8ABD98611F823B6300A64099 /* Model */ = {
			isa = PBXGroup;
			children = (
				8ABD98621F823B6B00A64099 /* Paths.swift */,
			);
			path = Model;
			sourceTree = "<group>";
		};
		8ABD98641F8241B500A64099 /* Cells */ = {
			isa = PBXGroup;
			children = (
				8AA69D541F8232FE00939FD9 /* PathsCell.swift */,
			);
			path = Cells;
			sourceTree = "<group>";
		};
		8ABD98651F82628F00A64099 /* PathsDetails */ = {
			isa = PBXGroup;
			children = (
				8ABD98681F82630300A64099 /* Protocols */,
				8ABD98661F8262A600A64099 /* PathsDetailsAction.swift */,
			);
			path = PathsDetails;
			sourceTree = "<group>";
		};
		8ABD98681F82630300A64099 /* Protocols */ = {
			isa = PBXGroup;
			children = (
				8ABD98691F82631000A64099 /* PathDetailsProtocol.swift */,
			);
			path = Protocols;
			sourceTree = "<group>";
		};
		8ABD986B1F82650F00A64099 /* Protocols */ = {
			isa = PBXGroup;
			children = (
				8ABD986C1F82651C00A64099 /* LoginProtocol.swift */,
				8AC8681F1F8366B800CD8D69 /* LoginRouterProtocol.swift */,
			);
			path = Protocols;
			sourceTree = "<group>";
		};
		8AC868211F83728D00CD8D69 /* Struct */ = {
			isa = PBXGroup;
			children = (
			);
			path = Struct;
			sourceTree = "<group>";
		};
		8AFB12301F81246D009C2A41 /* Extensions */ = {
			isa = PBXGroup;
			children = (
			);
			path = Extensions;
			sourceTree = "<group>";
		};
		CB95A95F5D5A131042C87843 /* Frameworks */ = {
			isa = PBXGroup;
			children = (
				8AC9B5F81F7BAF2100FD8677 /* MapKit.framework */,
				217D2D42F3FB925F5EF8E19A /* Pods_CyclePath.framework */,
				D4F7D8E254EB0054C9468319 /* Pods_CyclePathTests.framework */,
				20BF4961791B69083B9A6519 /* Pods_CyclePathUITests.framework */,
			);
			name = Frameworks;
			sourceTree = "<group>";
		};
		FB5F6B3A824B7E27ED73C0AD /* Pods */ = {
			isa = PBXGroup;
			children = (
				CED158E067C329E61066FA93 /* Pods-CyclePath.debug.xcconfig */,
				5F71A6A055667B1509A268E4 /* Pods-CyclePath.release.xcconfig */,
				B73EF7D44E1103D77E3FA532 /* Pods-CyclePathTests.debug.xcconfig */,
				C069036414CAE0ED2C1EF357 /* Pods-CyclePathTests.release.xcconfig */,
				F8799F6A64A77DFB10DB8682 /* Pods-CyclePathUITests.debug.xcconfig */,
				72FB608F2BD943390968EE56 /* Pods-CyclePathUITests.release.xcconfig */,
			);
			name = Pods;
			sourceTree = "<group>";
		};
/* End PBXGroup section */

/* Begin PBXNativeTarget section */
		8A7C056A1F7A2A6D00992F06 /* CyclePath */ = {
			isa = PBXNativeTarget;
			buildConfigurationList = 8A7C05931F7A2A6D00992F06 /* Build configuration list for PBXNativeTarget "CyclePath" */;
			buildPhases = (
				41706A61FD8BFD0C61C91B7E /* [CP] Check Pods Manifest.lock */,
				8A7C05671F7A2A6D00992F06 /* Sources */,
				8A7C05681F7A2A6D00992F06 /* Frameworks */,
				8A7C05691F7A2A6D00992F06 /* Resources */,
				C40B21C831F613C00DAEC860 /* [CP] Embed Pods Frameworks */,
				2521BF6A470A52501AB44187 /* [CP] Copy Pods Resources */,
			);
			buildRules = (
			);
			dependencies = (
			);
			name = CyclePath;
			productName = CyclePath;
			productReference = 8A7C056B1F7A2A6D00992F06 /* CyclePath.app */;
			productType = "com.apple.product-type.application";
		};
		8A7C057E1F7A2A6D00992F06 /* CyclePathTests */ = {
			isa = PBXNativeTarget;
			buildConfigurationList = 8A7C05961F7A2A6D00992F06 /* Build configuration list for PBXNativeTarget "CyclePathTests" */;
			buildPhases = (
				BF7ACFBC7266F6FAD9078FE1 /* [CP] Check Pods Manifest.lock */,
				8A7C057B1F7A2A6D00992F06 /* Sources */,
				8A7C057C1F7A2A6D00992F06 /* Frameworks */,
				8A7C057D1F7A2A6D00992F06 /* Resources */,
				269D7B0CD1D0DDB3659AE8F3 /* [CP] Embed Pods Frameworks */,
				07D21220836F3414836BAE85 /* [CP] Copy Pods Resources */,
			);
			buildRules = (
			);
			dependencies = (
				8A7C05811F7A2A6D00992F06 /* PBXTargetDependency */,
			);
			name = CyclePathTests;
			productName = CyclePathTests;
			productReference = 8A7C057F1F7A2A6D00992F06 /* CyclePathTests.xctest */;
			productType = "com.apple.product-type.bundle.unit-test";
		};
		8A7C05891F7A2A6D00992F06 /* CyclePathUITests */ = {
			isa = PBXNativeTarget;
			buildConfigurationList = 8A7C05991F7A2A6D00992F06 /* Build configuration list for PBXNativeTarget "CyclePathUITests" */;
			buildPhases = (
				0F400FAED8F63A80E62F4553 /* [CP] Check Pods Manifest.lock */,
				8A7C05861F7A2A6D00992F06 /* Sources */,
				8A7C05871F7A2A6D00992F06 /* Frameworks */,
				8A7C05881F7A2A6D00992F06 /* Resources */,
				2B3F7F97E0C522D50E658919 /* [CP] Embed Pods Frameworks */,
				167043E3C7962992DFD79E47 /* [CP] Copy Pods Resources */,
			);
			buildRules = (
			);
			dependencies = (
				8A7C058C1F7A2A6D00992F06 /* PBXTargetDependency */,
			);
			name = CyclePathUITests;
			productName = CyclePathUITests;
			productReference = 8A7C058A1F7A2A6D00992F06 /* CyclePathUITests.xctest */;
			productType = "com.apple.product-type.bundle.ui-testing";
		};
/* End PBXNativeTarget section */

/* Begin PBXProject section */
		8A7C05631F7A2A6D00992F06 /* Project object */ = {
			isa = PBXProject;
			attributes = {
				LastSwiftUpdateCheck = 0900;
				LastUpgradeCheck = 0900;
				ORGANIZATIONNAME = "Guillaume Loulier";
				TargetAttributes = {
					8A7C056A1F7A2A6D00992F06 = {
						CreatedOnToolsVersion = 9.0;
						LastSwiftMigration = 0900;
						ProvisioningStyle = Automatic;
						SystemCapabilities = {
							com.apple.BackgroundModes = {
								enabled = 1;
							};
							com.apple.Maps.iOS = {
								enabled = 1;
							};
						};
					};
					8A7C057E1F7A2A6D00992F06 = {
						CreatedOnToolsVersion = 9.0;
						ProvisioningStyle = Automatic;
						TestTargetID = 8A7C056A1F7A2A6D00992F06;
					};
					8A7C05891F7A2A6D00992F06 = {
						CreatedOnToolsVersion = 9.0;
						ProvisioningStyle = Automatic;
						TestTargetID = 8A7C056A1F7A2A6D00992F06;
					};
				};
			};
			buildConfigurationList = 8A7C05661F7A2A6D00992F06 /* Build configuration list for PBXProject "CyclePath" */;
			compatibilityVersion = "Xcode 8.0";
			developmentRegion = en;
			hasScannedForEncodings = 0;
			knownRegions = (
				en,
				Base,
			);
			mainGroup = 8A7C05621F7A2A6D00992F06;
			productRefGroup = 8A7C056C1F7A2A6D00992F06 /* Products */;
			projectDirPath = "";
			projectRoot = "";
			targets = (
				8A7C056A1F7A2A6D00992F06 /* CyclePath */,
				8A7C057E1F7A2A6D00992F06 /* CyclePathTests */,
				8A7C05891F7A2A6D00992F06 /* CyclePathUITests */,
			);
		};
/* End PBXProject section */

/* Begin PBXResourcesBuildPhase section */
		8A7C05691F7A2A6D00992F06 /* Resources */ = {
			isa = PBXResourcesBuildPhase;
			buildActionMask = 2147483647;
			files = (
				8A7C05791F7A2A6D00992F06 /* LaunchScreen.storyboard in Resources */,
				8A1D6EB71F7A5FBD00ECAD59 /* GoogleService-Info.plist in Resources */,
				8A7C05761F7A2A6D00992F06 /* Assets.xcassets in Resources */,
				8A7C05741F7A2A6D00992F06 /* Main.storyboard in Resources */,
			);
			runOnlyForDeploymentPostprocessing = 0;
		};
		8A7C057D1F7A2A6D00992F06 /* Resources */ = {
			isa = PBXResourcesBuildPhase;
			buildActionMask = 2147483647;
			files = (
			);
			runOnlyForDeploymentPostprocessing = 0;
		};
		8A7C05881F7A2A6D00992F06 /* Resources */ = {
			isa = PBXResourcesBuildPhase;
			buildActionMask = 2147483647;
			files = (
			);
			runOnlyForDeploymentPostprocessing = 0;
		};
/* End PBXResourcesBuildPhase section */

/* Begin PBXShellScriptBuildPhase section */
		07D21220836F3414836BAE85 /* [CP] Copy Pods Resources */ = {
			isa = PBXShellScriptBuildPhase;
			buildActionMask = 2147483647;
			files = (
			);
			inputPaths = (
			);
			name = "[CP] Copy Pods Resources";
			outputPaths = (
			);
			runOnlyForDeploymentPostprocessing = 0;
			shellPath = /bin/sh;
			shellScript = "\"${SRCROOT}/Pods/Target Support Files/Pods-CyclePathTests/Pods-CyclePathTests-resources.sh\"\n";
			showEnvVarsInLog = 0;
		};
		0F400FAED8F63A80E62F4553 /* [CP] Check Pods Manifest.lock */ = {
			isa = PBXShellScriptBuildPhase;
			buildActionMask = 2147483647;
			files = (
			);
			inputPaths = (
				"${PODS_PODFILE_DIR_PATH}/Podfile.lock",
				"${PODS_ROOT}/Manifest.lock",
			);
			name = "[CP] Check Pods Manifest.lock";
			outputPaths = (
				"$(DERIVED_FILE_DIR)/Pods-CyclePathUITests-checkManifestLockResult.txt",
			);
			runOnlyForDeploymentPostprocessing = 0;
			shellPath = /bin/sh;
			shellScript = "diff \"${PODS_PODFILE_DIR_PATH}/Podfile.lock\" \"${PODS_ROOT}/Manifest.lock\" > /dev/null\nif [ $? != 0 ] ; then\n    # print error to STDERR\n    echo \"error: The sandbox is not in sync with the Podfile.lock. Run 'pod install' or update your CocoaPods installation.\" >&2\n    exit 1\nfi\n# This output is used by Xcode 'outputs' to avoid re-running this script phase.\necho \"SUCCESS\" > \"${SCRIPT_OUTPUT_FILE_0}\"\n";
			showEnvVarsInLog = 0;
		};
		167043E3C7962992DFD79E47 /* [CP] Copy Pods Resources */ = {
			isa = PBXShellScriptBuildPhase;
			buildActionMask = 2147483647;
			files = (
			);
			inputPaths = (
			);
			name = "[CP] Copy Pods Resources";
			outputPaths = (
			);
			runOnlyForDeploymentPostprocessing = 0;
			shellPath = /bin/sh;
			shellScript = "\"${SRCROOT}/Pods/Target Support Files/Pods-CyclePathUITests/Pods-CyclePathUITests-resources.sh\"\n";
			showEnvVarsInLog = 0;
		};
		2521BF6A470A52501AB44187 /* [CP] Copy Pods Resources */ = {
			isa = PBXShellScriptBuildPhase;
			buildActionMask = 2147483647;
			files = (
			);
			inputPaths = (
			);
			name = "[CP] Copy Pods Resources";
			outputPaths = (
			);
			runOnlyForDeploymentPostprocessing = 0;
			shellPath = /bin/sh;
			shellScript = "\"${SRCROOT}/Pods/Target Support Files/Pods-CyclePath/Pods-CyclePath-resources.sh\"\n";
			showEnvVarsInLog = 0;
		};
		269D7B0CD1D0DDB3659AE8F3 /* [CP] Embed Pods Frameworks */ = {
			isa = PBXShellScriptBuildPhase;
			buildActionMask = 2147483647;
			files = (
			);
			inputPaths = (
			);
			name = "[CP] Embed Pods Frameworks";
			outputPaths = (
			);
			runOnlyForDeploymentPostprocessing = 0;
			shellPath = /bin/sh;
			shellScript = "\"${SRCROOT}/Pods/Target Support Files/Pods-CyclePathTests/Pods-CyclePathTests-frameworks.sh\"\n";
			showEnvVarsInLog = 0;
		};
		2B3F7F97E0C522D50E658919 /* [CP] Embed Pods Frameworks */ = {
			isa = PBXShellScriptBuildPhase;
			buildActionMask = 2147483647;
			files = (
			);
			inputPaths = (
			);
			name = "[CP] Embed Pods Frameworks";
			outputPaths = (
			);
			runOnlyForDeploymentPostprocessing = 0;
			shellPath = /bin/sh;
			shellScript = "\"${SRCROOT}/Pods/Target Support Files/Pods-CyclePathUITests/Pods-CyclePathUITests-frameworks.sh\"\n";
			showEnvVarsInLog = 0;
		};
		41706A61FD8BFD0C61C91B7E /* [CP] Check Pods Manifest.lock */ = {
			isa = PBXShellScriptBuildPhase;
			buildActionMask = 2147483647;
			files = (
			);
			inputPaths = (
				"${PODS_PODFILE_DIR_PATH}/Podfile.lock",
				"${PODS_ROOT}/Manifest.lock",
			);
			name = "[CP] Check Pods Manifest.lock";
			outputPaths = (
				"$(DERIVED_FILE_DIR)/Pods-CyclePath-checkManifestLockResult.txt",
			);
			runOnlyForDeploymentPostprocessing = 0;
			shellPath = /bin/sh;
			shellScript = "diff \"${PODS_PODFILE_DIR_PATH}/Podfile.lock\" \"${PODS_ROOT}/Manifest.lock\" > /dev/null\nif [ $? != 0 ] ; then\n    # print error to STDERR\n    echo \"error: The sandbox is not in sync with the Podfile.lock. Run 'pod install' or update your CocoaPods installation.\" >&2\n    exit 1\nfi\n# This output is used by Xcode 'outputs' to avoid re-running this script phase.\necho \"SUCCESS\" > \"${SCRIPT_OUTPUT_FILE_0}\"\n";
			showEnvVarsInLog = 0;
		};
		BF7ACFBC7266F6FAD9078FE1 /* [CP] Check Pods Manifest.lock */ = {
			isa = PBXShellScriptBuildPhase;
			buildActionMask = 2147483647;
			files = (
			);
			inputPaths = (
				"${PODS_PODFILE_DIR_PATH}/Podfile.lock",
				"${PODS_ROOT}/Manifest.lock",
			);
			name = "[CP] Check Pods Manifest.lock";
			outputPaths = (
				"$(DERIVED_FILE_DIR)/Pods-CyclePathTests-checkManifestLockResult.txt",
			);
			runOnlyForDeploymentPostprocessing = 0;
			shellPath = /bin/sh;
			shellScript = "diff \"${PODS_PODFILE_DIR_PATH}/Podfile.lock\" \"${PODS_ROOT}/Manifest.lock\" > /dev/null\nif [ $? != 0 ] ; then\n    # print error to STDERR\n    echo \"error: The sandbox is not in sync with the Podfile.lock. Run 'pod install' or update your CocoaPods installation.\" >&2\n    exit 1\nfi\n# This output is used by Xcode 'outputs' to avoid re-running this script phase.\necho \"SUCCESS\" > \"${SCRIPT_OUTPUT_FILE_0}\"\n";
			showEnvVarsInLog = 0;
		};
		C40B21C831F613C00DAEC860 /* [CP] Embed Pods Frameworks */ = {
			isa = PBXShellScriptBuildPhase;
			buildActionMask = 2147483647;
			files = (
			);
			inputPaths = (
				"${SRCROOT}/Pods/Target Support Files/Pods-CyclePath/Pods-CyclePath-frameworks.sh",
				"${BUILT_PRODUCTS_DIR}/GTMSessionFetcher/GTMSessionFetcher.framework",
				"${BUILT_PRODUCTS_DIR}/GoogleToolboxForMac/GoogleToolboxForMac.framework",
				"${BUILT_PRODUCTS_DIR}/Protobuf/Protobuf.framework",
				"${BUILT_PRODUCTS_DIR}/SideMenu/SideMenu.framework",
				"${BUILT_PRODUCTS_DIR}/leveldb-library/leveldb.framework",
				"${BUILT_PRODUCTS_DIR}/nanopb/nanopb.framework",
			);
			name = "[CP] Embed Pods Frameworks";
			outputPaths = (
				"${TARGET_BUILD_DIR}/${FRAMEWORKS_FOLDER_PATH}/GTMSessionFetcher.framework",
				"${TARGET_BUILD_DIR}/${FRAMEWORKS_FOLDER_PATH}/GoogleToolboxForMac.framework",
				"${TARGET_BUILD_DIR}/${FRAMEWORKS_FOLDER_PATH}/Protobuf.framework",
				"${TARGET_BUILD_DIR}/${FRAMEWORKS_FOLDER_PATH}/SideMenu.framework",
				"${TARGET_BUILD_DIR}/${FRAMEWORKS_FOLDER_PATH}/leveldb.framework",
				"${TARGET_BUILD_DIR}/${FRAMEWORKS_FOLDER_PATH}/nanopb.framework",
			);
			runOnlyForDeploymentPostprocessing = 0;
			shellPath = /bin/sh;
			shellScript = "\"${SRCROOT}/Pods/Target Support Files/Pods-CyclePath/Pods-CyclePath-frameworks.sh\"\n";
			showEnvVarsInLog = 0;
		};
/* End PBXShellScriptBuildPhase section */

/* Begin PBXSourcesBuildPhase section */
		8A7C05671F7A2A6D00992F06 /* Sources */ = {
			isa = PBXSourcesBuildPhase;
			buildActionMask = 2147483647;
			files = (
				8A7C05711F7A2A6D00992F06 /* ViewController.swift in Sources */,
				8A1D6ECE1F7A927000ECAD59 /* CardButton.swift in Sources */,
				8AB075571F7E6CB30096F022 /* PathsAction.swift in Sources */,
				8AB075511F7E328C0096F022 /* LoginWorker.swift in Sources */,
				8A7C059E1F7A2D6D00992F06 /* HomeAction.swift in Sources */,
				8AA69D531F82309700939FD9 /* PathsInteractorProtocol.swift in Sources */,
				8A2D2FE71F7BFCB10098B5CA /* HomeInteractor.swift in Sources */,
				8A9FF4F71F82A72C00EBA211 /* HomeLocationStruct.swift in Sources */,
				8A2D2FE51F7BF07B0098B5CA /* PathView.swift in Sources */,
				8A961A181F7CD63C000E7BB7 /* HomeWorker.swift in Sources */,
				8ABD986A1F82631000A64099 /* PathDetailsProtocol.swift in Sources */,
				8A39E14A1F80E3E800A583E6 /* LoginRouter.swift in Sources */,
				8AA69D551F8232FE00939FD9 /* PathsCell.swift in Sources */,
				8A1D6EC71F7A83A700ECAD59 /* GradientView.swift in Sources */,
				8A1D6EC21F7A781700ECAD59 /* RegisterAction.swift in Sources */,
				8A39E15A1F80F43500A583E6 /* ProfileActionProtocols.swift in Sources */,
				8A7C056F1F7A2A6D00992F06 /* AppDelegate.swift in Sources */,
				8ABD98631F823B6B00A64099 /* Paths.swift in Sources */,
				8AA69D511F822FDD00939FD9 /* PathsInteractor.swift in Sources */,
				8AB075541F7E6BF70096F022 /* ProfileAction.swift in Sources */,
				8AFB12341F8127F4009C2A41 /* HomeActionProtocol.swift in Sources */,
				8AB3F70A1F7A3D0F00E62756 /* DataService.swift in Sources */,
				8ABD986D1F82651C00A64099 /* LoginProtocol.swift in Sources */,
				8A1D6EC51F7A784800ECAD59 /* SecurityService.swift in Sources */,
				8ABD98671F8262A600A64099 /* PathsDetailsAction.swift in Sources */,
				8A39E1541F80EF0800A583E6 /* ForgotPasswordAction.swift in Sources */,
				8A961A1A1F7CD6B6000E7BB7 /* HomeStruct.swift in Sources */,
				8A39E14F1F80E9F700A583E6 /* HomeManager.swift in Sources */,
				8AB0754F1F7E2F120096F022 /* RegisterWorker.swift in Sources */,
				8A961A231F7D4295000E7BB7 /* HomeConverter.swift in Sources */,
				8AA69D4F1F822A8200939FD9 /* PathsManager.swift in Sources */,
				8AC8681E1F8365A100CD8D69 /* HomePathStruct.swift in Sources */,
				8A39E1511F80EA1800A583E6 /* HomeManagerProtocol.swift in Sources */,
				8AC868201F8366B800CD8D69 /* LoginRouterProtocol.swift in Sources */,
				8A1D6ECA1F7A913C00ECAD59 /* ProfileImage.swift in Sources */,
				8A39E1571F80F34C00A583E6 /* PathsActionProtocol.swift in Sources */,
				8AFB12321F81269B009C2A41 /* HomeInteractorProtocol.swift in Sources */,
				8A1D6EF21F7ABD8B00ECAD59 /* Model.xcdatamodeld in Sources */,
				8A1D6EC01F7A77F300ECAD59 /* LoginAction.swift in Sources */,
			);
			runOnlyForDeploymentPostprocessing = 0;
		};
		8A7C057B1F7A2A6D00992F06 /* Sources */ = {
			isa = PBXSourcesBuildPhase;
			buildActionMask = 2147483647;
			files = (
				8A7C05841F7A2A6D00992F06 /* CyclePathTests.swift in Sources */,
			);
			runOnlyForDeploymentPostprocessing = 0;
		};
		8A7C05861F7A2A6D00992F06 /* Sources */ = {
			isa = PBXSourcesBuildPhase;
			buildActionMask = 2147483647;
			files = (
				8A7C058F1F7A2A6D00992F06 /* CyclePathUITests.swift in Sources */,
			);
			runOnlyForDeploymentPostprocessing = 0;
		};
/* End PBXSourcesBuildPhase section */

/* Begin PBXTargetDependency section */
		8A7C05811F7A2A6D00992F06 /* PBXTargetDependency */ = {
			isa = PBXTargetDependency;
			target = 8A7C056A1F7A2A6D00992F06 /* CyclePath */;
			targetProxy = 8A7C05801F7A2A6D00992F06 /* PBXContainerItemProxy */;
		};
		8A7C058C1F7A2A6D00992F06 /* PBXTargetDependency */ = {
			isa = PBXTargetDependency;
			target = 8A7C056A1F7A2A6D00992F06 /* CyclePath */;
			targetProxy = 8A7C058B1F7A2A6D00992F06 /* PBXContainerItemProxy */;
		};
/* End PBXTargetDependency section */

/* Begin PBXVariantGroup section */
		8A7C05721F7A2A6D00992F06 /* Main.storyboard */ = {
			isa = PBXVariantGroup;
			children = (
				8A7C05731F7A2A6D00992F06 /* Base */,
			);
			name = Main.storyboard;
			sourceTree = "<group>";
		};
		8A7C05771F7A2A6D00992F06 /* LaunchScreen.storyboard */ = {
			isa = PBXVariantGroup;
			children = (
				8A7C05781F7A2A6D00992F06 /* Base */,
			);
			name = LaunchScreen.storyboard;
			sourceTree = "<group>";
		};
/* End PBXVariantGroup section */

/* Begin XCBuildConfiguration section */
		8A7C05911F7A2A6D00992F06 /* Debug */ = {
			isa = XCBuildConfiguration;
			buildSettings = {
				ALWAYS_SEARCH_USER_PATHS = NO;
				CLANG_ANALYZER_NONNULL = YES;
				CLANG_ANALYZER_NUMBER_OBJECT_CONVERSION = YES_AGGRESSIVE;
				CLANG_CXX_LANGUAGE_STANDARD = "gnu++14";
				CLANG_CXX_LIBRARY = "libc++";
				CLANG_ENABLE_MODULES = YES;
				CLANG_ENABLE_OBJC_ARC = YES;
				CLANG_WARN_BLOCK_CAPTURE_AUTORELEASING = YES;
				CLANG_WARN_BOOL_CONVERSION = YES;
				CLANG_WARN_COMMA = YES;
				CLANG_WARN_CONSTANT_CONVERSION = YES;
				CLANG_WARN_DIRECT_OBJC_ISA_USAGE = YES_ERROR;
				CLANG_WARN_DOCUMENTATION_COMMENTS = YES;
				CLANG_WARN_EMPTY_BODY = YES;
				CLANG_WARN_ENUM_CONVERSION = YES;
				CLANG_WARN_INFINITE_RECURSION = YES;
				CLANG_WARN_INT_CONVERSION = YES;
				CLANG_WARN_NON_LITERAL_NULL_CONVERSION = YES;
				CLANG_WARN_OBJC_LITERAL_CONVERSION = YES;
				CLANG_WARN_OBJC_ROOT_CLASS = YES_ERROR;
				CLANG_WARN_RANGE_LOOP_ANALYSIS = YES;
				CLANG_WARN_STRICT_PROTOTYPES = YES;
				CLANG_WARN_SUSPICIOUS_MOVE = YES;
				CLANG_WARN_UNGUARDED_AVAILABILITY = YES_AGGRESSIVE;
				CLANG_WARN_UNREACHABLE_CODE = YES;
				CLANG_WARN__DUPLICATE_METHOD_MATCH = YES;
				CODE_SIGN_IDENTITY = "iPhone Developer";
				COPY_PHASE_STRIP = NO;
				DEBUG_INFORMATION_FORMAT = dwarf;
				ENABLE_STRICT_OBJC_MSGSEND = YES;
				ENABLE_TESTABILITY = YES;
				GCC_C_LANGUAGE_STANDARD = gnu11;
				GCC_DYNAMIC_NO_PIC = NO;
				GCC_NO_COMMON_BLOCKS = YES;
				GCC_OPTIMIZATION_LEVEL = 0;
				GCC_PREPROCESSOR_DEFINITIONS = (
					"DEBUG=1",
					"$(inherited)",
				);
				GCC_WARN_64_TO_32_BIT_CONVERSION = YES;
				GCC_WARN_ABOUT_RETURN_TYPE = YES_ERROR;
				GCC_WARN_UNDECLARED_SELECTOR = YES;
				GCC_WARN_UNINITIALIZED_AUTOS = YES_AGGRESSIVE;
				GCC_WARN_UNUSED_FUNCTION = YES;
				GCC_WARN_UNUSED_VARIABLE = YES;
				IPHONEOS_DEPLOYMENT_TARGET = 11.0;
				MTL_ENABLE_DEBUG_INFO = YES;
				ONLY_ACTIVE_ARCH = YES;
				SDKROOT = iphoneos;
				SWIFT_ACTIVE_COMPILATION_CONDITIONS = DEBUG;
				SWIFT_OPTIMIZATION_LEVEL = "-Onone";
			};
			name = Debug;
		};
		8A7C05921F7A2A6D00992F06 /* Release */ = {
			isa = XCBuildConfiguration;
			buildSettings = {
				ALWAYS_SEARCH_USER_PATHS = NO;
				CLANG_ANALYZER_NONNULL = YES;
				CLANG_ANALYZER_NUMBER_OBJECT_CONVERSION = YES_AGGRESSIVE;
				CLANG_CXX_LANGUAGE_STANDARD = "gnu++14";
				CLANG_CXX_LIBRARY = "libc++";
				CLANG_ENABLE_MODULES = YES;
				CLANG_ENABLE_OBJC_ARC = YES;
				CLANG_WARN_BLOCK_CAPTURE_AUTORELEASING = YES;
				CLANG_WARN_BOOL_CONVERSION = YES;
				CLANG_WARN_COMMA = YES;
				CLANG_WARN_CONSTANT_CONVERSION = YES;
				CLANG_WARN_DIRECT_OBJC_ISA_USAGE = YES_ERROR;
				CLANG_WARN_DOCUMENTATION_COMMENTS = YES;
				CLANG_WARN_EMPTY_BODY = YES;
				CLANG_WARN_ENUM_CONVERSION = YES;
				CLANG_WARN_INFINITE_RECURSION = YES;
				CLANG_WARN_INT_CONVERSION = YES;
				CLANG_WARN_NON_LITERAL_NULL_CONVERSION = YES;
				CLANG_WARN_OBJC_LITERAL_CONVERSION = YES;
				CLANG_WARN_OBJC_ROOT_CLASS = YES_ERROR;
				CLANG_WARN_RANGE_LOOP_ANALYSIS = YES;
				CLANG_WARN_STRICT_PROTOTYPES = YES;
				CLANG_WARN_SUSPICIOUS_MOVE = YES;
				CLANG_WARN_UNGUARDED_AVAILABILITY = YES_AGGRESSIVE;
				CLANG_WARN_UNREACHABLE_CODE = YES;
				CLANG_WARN__DUPLICATE_METHOD_MATCH = YES;
				CODE_SIGN_IDENTITY = "iPhone Developer";
				COPY_PHASE_STRIP = NO;
				DEBUG_INFORMATION_FORMAT = "dwarf-with-dsym";
				ENABLE_NS_ASSERTIONS = NO;
				ENABLE_STRICT_OBJC_MSGSEND = YES;
				GCC_C_LANGUAGE_STANDARD = gnu11;
				GCC_NO_COMMON_BLOCKS = YES;
				GCC_WARN_64_TO_32_BIT_CONVERSION = YES;
				GCC_WARN_ABOUT_RETURN_TYPE = YES_ERROR;
				GCC_WARN_UNDECLARED_SELECTOR = YES;
				GCC_WARN_UNINITIALIZED_AUTOS = YES_AGGRESSIVE;
				GCC_WARN_UNUSED_FUNCTION = YES;
				GCC_WARN_UNUSED_VARIABLE = YES;
				IPHONEOS_DEPLOYMENT_TARGET = 11.0;
				MTL_ENABLE_DEBUG_INFO = NO;
				SDKROOT = iphoneos;
				SWIFT_OPTIMIZATION_LEVEL = "-Owholemodule";
				VALIDATE_PRODUCT = YES;
			};
			name = Release;
		};
		8A7C05941F7A2A6D00992F06 /* Debug */ = {
			isa = XCBuildConfiguration;
			baseConfigurationReference = CED158E067C329E61066FA93 /* Pods-CyclePath.debug.xcconfig */;
			buildSettings = {
				ASSETCATALOG_COMPILER_APPICON_NAME = AppIcon;
				CLANG_ENABLE_MODULES = YES;
				CODE_SIGN_STYLE = Automatic;
				DEVELOPMENT_TEAM = PN7CAY235J;
				INFOPLIST_FILE = CyclePath/Info.plist;
				IPHONEOS_DEPLOYMENT_TARGET = 11.0;
				LD_RUNPATH_SEARCH_PATHS = "$(inherited) @executable_path/Frameworks";
				PRODUCT_BUNDLE_IDENTIFIER = fr.guillaumeloulier.CyclePath;
				PRODUCT_NAME = "$(TARGET_NAME)";
				SWIFT_OBJC_BRIDGING_HEADER = "CyclePath/Supporting Files/CyclePath-Bridging-Header.h";
				SWIFT_OPTIMIZATION_LEVEL = "-Onone";
				SWIFT_VERSION = 4.0;
				TARGETED_DEVICE_FAMILY = "1,2";
			};
			name = Debug;
		};
		8A7C05951F7A2A6D00992F06 /* Release */ = {
			isa = XCBuildConfiguration;
			baseConfigurationReference = 5F71A6A055667B1509A268E4 /* Pods-CyclePath.release.xcconfig */;
			buildSettings = {
				ASSETCATALOG_COMPILER_APPICON_NAME = AppIcon;
				CLANG_ENABLE_MODULES = YES;
				CODE_SIGN_STYLE = Automatic;
				DEVELOPMENT_TEAM = PN7CAY235J;
				INFOPLIST_FILE = CyclePath/Info.plist;
				IPHONEOS_DEPLOYMENT_TARGET = 11.0;
				LD_RUNPATH_SEARCH_PATHS = "$(inherited) @executable_path/Frameworks";
				PRODUCT_BUNDLE_IDENTIFIER = fr.guillaumeloulier.CyclePath;
				PRODUCT_NAME = "$(TARGET_NAME)";
				SWIFT_OBJC_BRIDGING_HEADER = "CyclePath/Supporting Files/CyclePath-Bridging-Header.h";
				SWIFT_VERSION = 4.0;
				TARGETED_DEVICE_FAMILY = "1,2";
			};
			name = Release;
		};
		8A7C05971F7A2A6D00992F06 /* Debug */ = {
			isa = XCBuildConfiguration;
			baseConfigurationReference = B73EF7D44E1103D77E3FA532 /* Pods-CyclePathTests.debug.xcconfig */;
			buildSettings = {
				ALWAYS_EMBED_SWIFT_STANDARD_LIBRARIES = YES;
				BUNDLE_LOADER = "$(TEST_HOST)";
				CODE_SIGN_STYLE = Automatic;
				DEVELOPMENT_TEAM = PN7CAY235J;
				INFOPLIST_FILE = CyclePathTests/Info.plist;
				LD_RUNPATH_SEARCH_PATHS = "$(inherited) @executable_path/Frameworks @loader_path/Frameworks";
				PRODUCT_BUNDLE_IDENTIFIER = fr.guillaumeloulier.CyclePathTests;
				PRODUCT_NAME = "$(TARGET_NAME)";
				SWIFT_VERSION = 4.0;
				TARGETED_DEVICE_FAMILY = "1,2";
				TEST_HOST = "$(BUILT_PRODUCTS_DIR)/CyclePath.app/CyclePath";
			};
			name = Debug;
		};
		8A7C05981F7A2A6D00992F06 /* Release */ = {
			isa = XCBuildConfiguration;
			baseConfigurationReference = C069036414CAE0ED2C1EF357 /* Pods-CyclePathTests.release.xcconfig */;
			buildSettings = {
				ALWAYS_EMBED_SWIFT_STANDARD_LIBRARIES = YES;
				BUNDLE_LOADER = "$(TEST_HOST)";
				CODE_SIGN_STYLE = Automatic;
				DEVELOPMENT_TEAM = PN7CAY235J;
				INFOPLIST_FILE = CyclePathTests/Info.plist;
				LD_RUNPATH_SEARCH_PATHS = "$(inherited) @executable_path/Frameworks @loader_path/Frameworks";
				PRODUCT_BUNDLE_IDENTIFIER = fr.guillaumeloulier.CyclePathTests;
				PRODUCT_NAME = "$(TARGET_NAME)";
				SWIFT_VERSION = 4.0;
				TARGETED_DEVICE_FAMILY = "1,2";
				TEST_HOST = "$(BUILT_PRODUCTS_DIR)/CyclePath.app/CyclePath";
			};
			name = Release;
		};
		8A7C059A1F7A2A6D00992F06 /* Debug */ = {
			isa = XCBuildConfiguration;
			baseConfigurationReference = F8799F6A64A77DFB10DB8682 /* Pods-CyclePathUITests.debug.xcconfig */;
			buildSettings = {
				ALWAYS_EMBED_SWIFT_STANDARD_LIBRARIES = YES;
				CODE_SIGN_STYLE = Automatic;
				DEVELOPMENT_TEAM = PN7CAY235J;
				INFOPLIST_FILE = CyclePathUITests/Info.plist;
				LD_RUNPATH_SEARCH_PATHS = "$(inherited) @executable_path/Frameworks @loader_path/Frameworks";
				PRODUCT_BUNDLE_IDENTIFIER = fr.guillaumeloulier.CyclePathUITests;
				PRODUCT_NAME = "$(TARGET_NAME)";
				SWIFT_VERSION = 4.0;
				TARGETED_DEVICE_FAMILY = "1,2";
				TEST_TARGET_NAME = CyclePath;
			};
			name = Debug;
		};
		8A7C059B1F7A2A6D00992F06 /* Release */ = {
			isa = XCBuildConfiguration;
			baseConfigurationReference = 72FB608F2BD943390968EE56 /* Pods-CyclePathUITests.release.xcconfig */;
			buildSettings = {
				ALWAYS_EMBED_SWIFT_STANDARD_LIBRARIES = YES;
				CODE_SIGN_STYLE = Automatic;
				DEVELOPMENT_TEAM = PN7CAY235J;
				INFOPLIST_FILE = CyclePathUITests/Info.plist;
				LD_RUNPATH_SEARCH_PATHS = "$(inherited) @executable_path/Frameworks @loader_path/Frameworks";
				PRODUCT_BUNDLE_IDENTIFIER = fr.guillaumeloulier.CyclePathUITests;
				PRODUCT_NAME = "$(TARGET_NAME)";
				SWIFT_VERSION = 4.0;
				TARGETED_DEVICE_FAMILY = "1,2";
				TEST_TARGET_NAME = CyclePath;
			};
			name = Release;
		};
/* End XCBuildConfiguration section */

/* Begin XCConfigurationList section */
		8A7C05661F7A2A6D00992F06 /* Build configuration list for PBXProject "CyclePath" */ = {
			isa = XCConfigurationList;
			buildConfigurations = (
				8A7C05911F7A2A6D00992F06 /* Debug */,
				8A7C05921F7A2A6D00992F06 /* Release */,
			);
			defaultConfigurationIsVisible = 0;
			defaultConfigurationName = Release;
		};
		8A7C05931F7A2A6D00992F06 /* Build configuration list for PBXNativeTarget "CyclePath" */ = {
			isa = XCConfigurationList;
			buildConfigurations = (
				8A7C05941F7A2A6D00992F06 /* Debug */,
				8A7C05951F7A2A6D00992F06 /* Release */,
			);
			defaultConfigurationIsVisible = 0;
			defaultConfigurationName = Release;
		};
		8A7C05961F7A2A6D00992F06 /* Build configuration list for PBXNativeTarget "CyclePathTests" */ = {
			isa = XCConfigurationList;
			buildConfigurations = (
				8A7C05971F7A2A6D00992F06 /* Debug */,
				8A7C05981F7A2A6D00992F06 /* Release */,
			);
			defaultConfigurationIsVisible = 0;
			defaultConfigurationName = Release;
		};
		8A7C05991F7A2A6D00992F06 /* Build configuration list for PBXNativeTarget "CyclePathUITests" */ = {
			isa = XCConfigurationList;
			buildConfigurations = (
				8A7C059A1F7A2A6D00992F06 /* Debug */,
				8A7C059B1F7A2A6D00992F06 /* Release */,
			);
			defaultConfigurationIsVisible = 0;
			defaultConfigurationName = Release;
		};
/* End XCConfigurationList section */

/* Begin XCVersionGroup section */
		8A1D6EF01F7ABD8B00ECAD59 /* Model.xcdatamodeld */ = {
			isa = XCVersionGroup;
			children = (
				8A1D6EF11F7ABD8B00ECAD59 /* Model.xcdatamodel */,
			);
			currentVersion = 8A1D6EF11F7ABD8B00ECAD59 /* Model.xcdatamodel */;
			path = Model.xcdatamodeld;
			sourceTree = "<group>";
			versionGroupType = wrapper.xcdatamodel;
		};
/* End XCVersionGroup section */
	};
	rootObject = 8A7C05631F7A2A6D00992F06 /* Project object */;
}
